// !$*UTF8*$!
{
	archiveVersion = 1;
	classes = {
	};
	objectVersion = 42;
	objects = {

/* Begin PBXBuildFile section */
		8D11072D0486CEB800E47090 /* ISI_Main.m in Sources */ = {isa = PBXBuildFile; fileRef = 29B97316FDCFA39411CA2CEA /* ISI_Main.m */; settings = {ATTRIBUTES = (); }; };
		FA24E9E00A57DDF4007E34DF /* Sparkle.framework in Frameworks */ = {isa = PBXBuildFile; fileRef = FA24E9DF0A57DDF4007E34DF /* Sparkle.framework */; };
		FA24E9F60A57DE4C007E34DF /* Sparkle.framework in Copy Frameworks */ = {isa = PBXBuildFile; fileRef = FA24E9DF0A57DDF4007E34DF /* Sparkle.framework */; };
		FA2D3F0B0A5C726400CA9EEC /* ISI_Main.nib in Resources */ = {isa = PBXBuildFile; fileRef = 29B97319FDCFA39411CA2CEA /* ISI_Main.nib */; };
		FA2D3F110A5C727500CA9EEC /* Credits.rtf in Resources */ = {isa = PBXBuildFile; fileRef = FA0DE6620A58607B0048564E /* Credits.rtf */; };
		FA2D3F120A5C728000CA9EEC /* InfoPlist.strings in Resources */ = {isa = PBXBuildFile; fileRef = 089C165DFE840E0CC02AAC07 /* InfoPlist.strings */; };
		FA48CFA10A5D6B3200467826 /* ISI_MenuIcon.png in Resources */ = {isa = PBXBuildFile; fileRef = FA48CFA00A5D6B3200467826 /* ISI_MenuIcon.png */; };
		FA48CFE50A5D724A00467826 /* ISI_Preferences.m in Sources */ = {isa = PBXBuildFile; fileRef = FA48CFE30A5D724A00467826 /* ISI_Preferences.m */; };
		FA49F6B90A56D93C004B7E73 /* Cocoa.framework in Frameworks */ = {isa = PBXBuildFile; fileRef = 1058C7A1FEA54F0111CA2CBB /* Cocoa.framework */; };
		FA49F7870A56DD31004B7E73 /* ISI_Icon.icns in Resources */ = {isa = PBXBuildFile; fileRef = FA49F7860A56DD31004B7E73 /* ISI_Icon.icns */; };
		FA4AEA0F0A59B70000B0557F /* ISI_Bluetooth.m in Sources */ = {isa = PBXBuildFile; fileRef = FA4AEA0D0A59B70000B0557F /* ISI_Bluetooth.m */; };
		FA4AEAB90A59B90A00B0557F /* IOBluetooth.framework in Frameworks */ = {isa = PBXBuildFile; fileRef = FA49F6A70A56D871004B7E73 /* IOBluetooth.framework */; };
		FA4AEABA0A59B90A00B0557F /* Foundation.framework in Frameworks */ = {isa = PBXBuildFile; fileRef = 29B97325FDCFA39411CA2CEA /* Foundation.framework */; };
		FA6016460A57FEB800F1F2D9 /* ISI_StatusMenu.m in Sources */ = {isa = PBXBuildFile; fileRef = FA6016440A57FEB800F1F2D9 /* ISI_StatusMenu.m */; };
		FADC8BBB0A5A785D00305F31 /* ISI_Sync.m in Sources */ = {isa = PBXBuildFile; fileRef = FADC8BB90A5A785D00305F31 /* ISI_Sync.m */; };
/* End PBXBuildFile section */

/* Begin PBXCopyFilesBuildPhase section */
		FA24E9F30A57DE0D007E34DF /* Copy Frameworks */ = {
			isa = PBXCopyFilesBuildPhase;
			buildActionMask = 2147483647;
			dstPath = "";
			dstSubfolderSpec = 10;
			files = (
				FA24E9F60A57DE4C007E34DF /* Sparkle.framework in Copy Frameworks */,
			);
			name = "Copy Frameworks";
			runOnlyForDeploymentPostprocessing = 0;
		};
/* End PBXCopyFilesBuildPhase section */

/* Begin PBXFileReference section */
		089C165DFE840E0CC02AAC07 /* InfoPlist.strings */ = {isa = PBXFileReference; fileEncoding = 10; lastKnownFileType = text.plist.strings; path = InfoPlist.strings; sourceTree = "<group>"; };
		1058C7A1FEA54F0111CA2CBB /* Cocoa.framework */ = {isa = PBXFileReference; lastKnownFileType = wrapper.framework; name = Cocoa.framework; path = /System/Library/Frameworks/Cocoa.framework; sourceTree = "<absolute>"; };
		29B97316FDCFA39411CA2CEA /* ISI_Main.m */ = {isa = PBXFileReference; fileEncoding = 4; lastKnownFileType = sourcecode.c.objc; path = ISI_Main.m; sourceTree = "<group>"; };
		29B97319FDCFA39411CA2CEA /* ISI_Main.nib */ = {isa = PBXFileReference; lastKnownFileType = wrapper.nib; path = ISI_Main.nib; sourceTree = "<group>"; };
		29B97325FDCFA39411CA2CEA /* Foundation.framework */ = {isa = PBXFileReference; lastKnownFileType = wrapper.framework; name = Foundation.framework; path = /System/Library/Frameworks/Foundation.framework; sourceTree = "<absolute>"; };
		32CA4F630368D1EE00C91783 /* ISI_Prefix.pch */ = {isa = PBXFileReference; fileEncoding = 4; lastKnownFileType = sourcecode.c.h; path = ISI_Prefix.pch; sourceTree = "<group>"; };
		8D1107310486CEB800E47090 /* Info.plist */ = {isa = PBXFileReference; fileEncoding = 4; lastKnownFileType = text.plist; path = Info.plist; sourceTree = "<group>"; };
		8D1107320486CEB800E47090 /* iSyncIt.app */ = {isa = PBXFileReference; explicitFileType = wrapper.application; includeInIndex = 0; path = iSyncIt.app; sourceTree = BUILT_PRODUCTS_DIR; };
		FA0DE6620A58607B0048564E /* Credits.rtf */ = {isa = PBXFileReference; lastKnownFileType = text.rtf; path = Credits.rtf; sourceTree = "<group>"; };
		FA24E9DF0A57DDF4007E34DF /* Sparkle.framework */ = {isa = PBXFileReference; lastKnownFileType = wrapper.framework; path = Sparkle.framework; sourceTree = "<group>"; };
		FA48CFA00A5D6B3200467826 /* ISI_MenuIcon.png */ = {isa = PBXFileReference; lastKnownFileType = image.png; path = ISI_MenuIcon.png; sourceTree = "<group>"; };
		FA48CFE20A5D724A00467826 /* ISI_Preferences.h */ = {isa = PBXFileReference; fileEncoding = 30; lastKnownFileType = sourcecode.c.h; path = ISI_Preferences.h; sourceTree = "<group>"; };
		FA48CFE30A5D724A00467826 /* ISI_Preferences.m */ = {isa = PBXFileReference; fileEncoding = 30; lastKnownFileType = sourcecode.c.objc; path = ISI_Preferences.m; sourceTree = "<group>"; };
		FA49F6A70A56D871004B7E73 /* IOBluetooth.framework */ = {isa = PBXFileReference; lastKnownFileType = wrapper.framework; name = IOBluetooth.framework; path = /System/Library/Frameworks/IOBluetooth.framework; sourceTree = "<absolute>"; };
		FA49F7860A56DD31004B7E73 /* ISI_Icon.icns */ = {isa = PBXFileReference; lastKnownFileType = image.icns; path = ISI_Icon.icns; sourceTree = "<group>"; };
		FA4AEA0C0A59B70000B0557F /* ISI_Bluetooth.h */ = {isa = PBXFileReference; fileEncoding = 4; lastKnownFileType = sourcecode.c.h; path = ISI_Bluetooth.h; sourceTree = "<group>"; };
		FA4AEA0D0A59B70000B0557F /* ISI_Bluetooth.m */ = {isa = PBXFileReference; fileEncoding = 4; lastKnownFileType = sourcecode.c.objc; path = ISI_Bluetooth.m; sourceTree = "<group>"; };
		FA6016430A57FEB800F1F2D9 /* ISI_StatusMenu.h */ = {isa = PBXFileReference; fileEncoding = 4; lastKnownFileType = sourcecode.c.h; path = ISI_StatusMenu.h; sourceTree = "<group>"; };
		FA6016440A57FEB800F1F2D9 /* ISI_StatusMenu.m */ = {isa = PBXFileReference; fileEncoding = 4; lastKnownFileType = sourcecode.c.objc; path = ISI_StatusMenu.m; sourceTree = "<group>"; };
		FADC8BB80A5A785D00305F31 /* ISI_Sync.h */ = {isa = PBXFileReference; fileEncoding = 30; lastKnownFileType = sourcecode.c.h; path = ISI_Sync.h; sourceTree = "<group>"; };
		FADC8BB90A5A785D00305F31 /* ISI_Sync.m */ = {isa = PBXFileReference; fileEncoding = 30; lastKnownFileType = sourcecode.c.objc; path = ISI_Sync.m; sourceTree = "<group>"; };
/* End PBXFileReference section */

/* Begin PBXFrameworksBuildPhase section */
		8D11072E0486CEB800E47090 /* Frameworks */ = {
			isa = PBXFrameworksBuildPhase;
			buildActionMask = 2147483647;
			files = (
				FA4AEAB90A59B90A00B0557F /* IOBluetooth.framework in Frameworks */,
				FA4AEABA0A59B90A00B0557F /* Foundation.framework in Frameworks */,
				FA49F6B90A56D93C004B7E73 /* Cocoa.framework in Frameworks */,
				FA24E9E00A57DDF4007E34DF /* Sparkle.framework in Frameworks */,
			);
			runOnlyForDeploymentPostprocessing = 0;
		};
/* End PBXFrameworksBuildPhase section */

/* Begin PBXGroup section */
		080E96DDFE201D6D7F000001 /* Sources */ = {
			isa = PBXGroup;
			children = (
				FA4AEA0C0A59B70000B0557F /* ISI_Bluetooth.h */,
				FA4AEA0D0A59B70000B0557F /* ISI_Bluetooth.m */,
				FA6016430A57FEB800F1F2D9 /* ISI_StatusMenu.h */,
				FA6016440A57FEB800F1F2D9 /* ISI_StatusMenu.m */,
				FADC8BB80A5A785D00305F31 /* ISI_Sync.h */,
				FADC8BB90A5A785D00305F31 /* ISI_Sync.m */,
				32CA4F630368D1EE00C91783 /* ISI_Prefix.pch */,
				29B97316FDCFA39411CA2CEA /* ISI_Main.m */,
				FA48CFE20A5D724A00467826 /* ISI_Preferences.h */,
				FA48CFE30A5D724A00467826 /* ISI_Preferences.m */,
			);
			name = Sources;
			sourceTree = "<group>";
		};
		19C28FACFE9D520D11CA2CBB /* Products */ = {
			isa = PBXGroup;
			children = (
				8D1107320486CEB800E47090 /* iSyncIt.app */,
			);
			name = Products;
			sourceTree = "<group>";
		};
		29B97314FDCFA39411CA2CEA /* iSyncIt */ = {
			isa = PBXGroup;
			children = (
				080E96DDFE201D6D7F000001 /* Sources */,
				29B97317FDCFA39411CA2CEA /* Resources */,
				29B97323FDCFA39411CA2CEA /* Frameworks */,
				19C28FACFE9D520D11CA2CBB /* Products */,
			);
			name = iSyncIt;
			sourceTree = "<group>";
		};
		29B97317FDCFA39411CA2CEA /* Resources */ = {
			isa = PBXGroup;
			children = (
				FA48CFA00A5D6B3200467826 /* ISI_MenuIcon.png */,
				FA49F7860A56DD31004B7E73 /* ISI_Icon.icns */,
				29B97319FDCFA39411CA2CEA /* ISI_Main.nib */,
				FA0DE6620A58607B0048564E /* Credits.rtf */,
				8D1107310486CEB800E47090 /* Info.plist */,
				089C165DFE840E0CC02AAC07 /* InfoPlist.strings */,
			);
			name = Resources;
			sourceTree = "<group>";
		};
		29B97323FDCFA39411CA2CEA /* Frameworks */ = {
			isa = PBXGroup;
			children = (
				FA24E9DF0A57DDF4007E34DF /* Sparkle.framework */,
				FA49F6A70A56D871004B7E73 /* IOBluetooth.framework */,
				29B97325FDCFA39411CA2CEA /* Foundation.framework */,
				1058C7A1FEA54F0111CA2CBB /* Cocoa.framework */,
			);
			name = Frameworks;
			sourceTree = "<group>";
		};
/* End PBXGroup section */

/* Begin PBXNativeTarget section */
		8D1107260486CEB800E47090 /* iSyncIt */ = {
			isa = PBXNativeTarget;
			buildConfigurationList = C01FCF4A08A954540054247B /* Build configuration list for PBXNativeTarget "iSyncIt" */;
			buildPhases = (
				8D1107290486CEB800E47090 /* Resources */,
				8D11072C0486CEB800E47090 /* Sources */,
				8D11072E0486CEB800E47090 /* Frameworks */,
				FA24E9F30A57DE0D007E34DF /* Copy Frameworks */,
			);
			buildRules = (
			);
			dependencies = (
			);
			name = iSyncIt;
			productInstallPath = "$(HOME)/Applications";
			productName = iSyncIt;
			productReference = 8D1107320486CEB800E47090 /* iSyncIt.app */;
			productType = "com.apple.product-type.application";
		};
/* End PBXNativeTarget section */

/* Begin PBXProject section */
		29B97313FDCFA39411CA2CEA /* Project object */ = {
			isa = PBXProject;
			buildConfigurationList = C01FCF4E08A954540054247B /* Build configuration list for PBXProject "iSyncIt" */;
			hasScannedForEncodings = 1;
			mainGroup = 29B97314FDCFA39411CA2CEA /* iSyncIt */;
			projectDirPath = "";
			targets = (
				8D1107260486CEB800E47090 /* iSyncIt */,
			);
		};
/* End PBXProject section */

/* Begin PBXResourcesBuildPhase section */
		8D1107290486CEB800E47090 /* Resources */ = {
			isa = PBXResourcesBuildPhase;
			buildActionMask = 2147483647;
			files = (
				FA2D3F0B0A5C726400CA9EEC /* ISI_Main.nib in Resources */,
				FA2D3F120A5C728000CA9EEC /* InfoPlist.strings in Resources */,
				FA49F7870A56DD31004B7E73 /* ISI_Icon.icns in Resources */,
				FA2D3F110A5C727500CA9EEC /* Credits.rtf in Resources */,
				FA48CFA10A5D6B3200467826 /* ISI_MenuIcon.png in Resources */,
			);
			runOnlyForDeploymentPostprocessing = 0;
		};
/* End PBXResourcesBuildPhase section */

/* Begin PBXSourcesBuildPhase section */
		8D11072C0486CEB800E47090 /* Sources */ = {
			isa = PBXSourcesBuildPhase;
			buildActionMask = 2147483647;
			files = (
				8D11072D0486CEB800E47090 /* ISI_Main.m in Sources */,
				FA6016460A57FEB800F1F2D9 /* ISI_StatusMenu.m in Sources */,
				FA4AEA0F0A59B70000B0557F /* ISI_Bluetooth.m in Sources */,
				FADC8BBB0A5A785D00305F31 /* ISI_Sync.m in Sources */,
				FA48CFE50A5D724A00467826 /* ISI_Preferences.m in Sources */,
			);
			runOnlyForDeploymentPostprocessing = 0;
		};
/* End PBXSourcesBuildPhase section */

/* Begin XCBuildConfiguration section */
		C01FCF4C08A954540054247B /* Release */ = {
			isa = XCBuildConfiguration;
			buildSettings = {
				ARCHS = (
					ppc,
					i386,
				);
				FRAMEWORK_SEARCH_PATHS = (
					"$(inherited)",
					"$(FRAMEWORK_SEARCH_PATHS_QUOTED_1)",
				);
				FRAMEWORK_SEARCH_PATHS_QUOTED_1 = "\"$(SRCROOT)\"";
				GCC_GENERATE_DEBUGGING_SYMBOLS = NO;
				GCC_MODEL_TUNING = G5;
				INFOPLIST_FILE = Info.plist;
				INSTALL_PATH = "$(HOME)/Applications";
				PRODUCT_NAME = iSyncIt;
				WRAPPER_EXTENSION = app;
			};
			name = Release;
		};
		C01FCF5008A954540054247B /* Release */ = {
			isa = XCBuildConfiguration;
			buildSettings = {
				ARCHS = (
					ppc,
					i386,
				);
				GCC_GENERATE_DEBUGGING_SYMBOLS = NO;
				MACOSX_DEPLOYMENT_TARGET = 10.4;
				PREBINDING = NO;
				SDKROOT = /Developer/SDKs/MacOSX10.4u.sdk;
			};
			name = Release;
		};
/* End XCBuildConfiguration section */

/* Begin XCConfigurationList section */
		C01FCF4A08A954540054247B /* Build configuration list for PBXNativeTarget "iSyncIt" */ = {
			isa = XCConfigurationList;
			buildConfigurations = (
				C01FCF4C08A954540054247B /* Release */,
			);
			defaultConfigurationIsVisible = 0;
			defaultConfigurationName = Release;
		};
		C01FCF4E08A954540054247B /* Build configuration list for PBXProject "iSyncIt" */ = {
			isa = XCConfigurationList;
			buildConfigurations = (
				C01FCF5008A954540054247B /* Release */,
			);
			defaultConfigurationIsVisible = 0;
			defaultConfigurationName = Release;
		};
/* End XCConfigurationList section */
	};
	rootObject = 29B97313FDCFA39411CA2CEA /* Project object */;
}
